
Microsoft Visual Studio Solution File, Format Version 12.00
# Visual Studio Version 16
VisualStudioVersion = 16.0.33214.272
MinimumVisualStudioVersion = 10.0.40219.1
Project("{FAE04EC0-301F-11D3-BF4B-00C04F79EFBC}") = "practica", "practica.csproj", "{65CEBB80-7587-4754-8D7B-BBDC5D303886}"
EndProject
Global
	GlobalSection(SolutionConfigurationPlatforms) = preSolution
		Debug|Any CPU = Debug|Any CPU
		Release|Any CPU = Release|Any CPU
	EndGlobalSection
	GlobalSection(ProjectConfigurationPlatforms) = postSolution
		{65CEBB80-7587-4754-8D7B-BBDC5D303886}.Debug|Any CPU.ActiveCfg = Debug|Any CPU
		{65CEBB80-7587-4754-8D7B-BBDC5D303886}.Debug|Any CPU.Build.0 = Debug|Any CPU
		{65CEBB80-7587-4754-8D7B-BBDC5D303886}.Release|Any CPU.ActiveCfg = Release|Any CPU
		{65CEBB80-7587-4754-8D7B-BBDC5D303886}.Release|Any CPU.Build.0 = Release|Any CPU
	EndGlobalSection
	GlobalSection(SolutionProperties) = preSolution
		HideSolutionNode = FALSE
	EndGlobalSection
	GlobalSection(ExtensibilityGlobals) = postSolution
		SolutionGuid = {BBF2F9D6-7001-4C5B-93A3-D1FA0358404D}
	EndGlobalSection
EndGlobal
